# THIS IS AN AUTOGENERATED FILE. DO NOT EDIT THIS FILE DIRECTLY.
# yarn lockfile v1


ts-is-kind@^1.0.0:
  version "1.0.0"
  resolved "http://registry.npm.taobao.org/ts-is-kind/download/ts-is-kind-1.0.0.tgz#f9ca9c1af07ddb82d7a06744d8928952d4bd2426"

typescript@^2.5.2:
  version "2.5.2"
  resolved "http://registry.npm.taobao.org/typescript/download/typescript-2.5.2.tgz#038a95f7d9bbb420b1bf35ba31d4c5c1dd3ffe34"
